// !$*UTF8*$!
{
	archiveVersion = 1;
	classes = {
	};
	objectVersion = 56;
	objects = {

/* Begin PBXBuildFile section */
		ED08DEE22B0617E000EAEE2D /* playlistModel.swift in Sources */ = {isa = PBXBuildFile; fileRef = ED08DEE12B0617E000EAEE2D /* playlistModel.swift */; };
		ED0FEC5A2B03CA6400904AA9 /* buttonsTable .swift in Sources */ = {isa = PBXBuildFile; fileRef = ED0FEC592B03CA6400904AA9 /* buttonsTable .swift */; };
		ED17338C2B0E1883008CA74A /* song2.mp3 in Resources */ = {isa = PBXBuildFile; fileRef = ED17338B2B0E1883008CA74A /* song2.mp3 */; };
		ED17338E2B0E188B008CA74A /* song3.mp3 in Resources */ = {isa = PBXBuildFile; fileRef = ED17338D2B0E188B008CA74A /* song3.mp3 */; };
		ED38F88A2B0763B1002462ED /* song1.mp3 in Resources */ = {isa = PBXBuildFile; fileRef = ED38F8892B0763B1002462ED /* song1.mp3 */; };
		ED682E342B0E485500444EE3 /* singerModel.swift in Sources */ = {isa = PBXBuildFile; fileRef = ED682E332B0E485500444EE3 /* singerModel.swift */; };
		ED682E362B0E491C00444EE3 /* singerList.swift in Sources */ = {isa = PBXBuildFile; fileRef = ED682E352B0E491C00444EE3 /* singerList.swift */; };
		ED682E382B0E4A4900444EE3 /* categoriesModel.swift in Sources */ = {isa = PBXBuildFile; fileRef = ED682E372B0E4A4900444EE3 /* categoriesModel.swift */; };
		ED682E3A2B0E4A6800444EE3 /* categoriesList.swift in Sources */ = {isa = PBXBuildFile; fileRef = ED682E392B0E4A6800444EE3 /* categoriesList.swift */; };
		ED682E3C2B0EB74200444EE3 /* SlidingCategories2.swift in Sources */ = {isa = PBXBuildFile; fileRef = ED682E3B2B0EB74200444EE3 /* SlidingCategories2.swift */; };
		ED80079D2B03825000E98579 /* Spotify_copyApp.swift in Sources */ = {isa = PBXBuildFile; fileRef = ED80079C2B03825000E98579 /* Spotify_copyApp.swift */; };
		ED80079F2B03825000E98579 /* ContentView.swift in Sources */ = {isa = PBXBuildFile; fileRef = ED80079E2B03825000E98579 /* ContentView.swift */; };
		ED8007A12B03825100E98579 /* Assets.xcassets in Resources */ = {isa = PBXBuildFile; fileRef = ED8007A02B03825100E98579 /* Assets.xcassets */; };
		ED8007A42B03825100E98579 /* Preview Assets.xcassets in Resources */ = {isa = PBXBuildFile; fileRef = ED8007A32B03825100E98579 /* Preview Assets.xcassets */; };
		ED8007AB2B0384C900E98579 /* topButtons.swift in Sources */ = {isa = PBXBuildFile; fileRef = ED8007AA2B0384C900E98579 /* topButtons.swift */; };
		EDA057D12B04C5AD00081133 /* slidingCategories.swift in Sources */ = {isa = PBXBuildFile; fileRef = EDA057D02B04C5AD00081133 /* slidingCategories.swift */; };
		EDA057D32B04EB4700081133 /* Singers.swift in Sources */ = {isa = PBXBuildFile; fileRef = EDA057D22B04EB4700081133 /* Singers.swift */; };
		EDA057D72B051EA200081133 /* tabSong.swift in Sources */ = {isa = PBXBuildFile; fileRef = EDA057D62B051EA200081133 /* tabSong.swift */; };
		EDA057D92B05348F00081133 /* barMenu.swift in Sources */ = {isa = PBXBuildFile; fileRef = EDA057D82B05348F00081133 /* barMenu.swift */; };
		EDA057DB2B05427200081133 /* playlistPage.swift in Sources */ = {isa = PBXBuildFile; fileRef = EDA057DA2B05427200081133 /* playlistPage.swift */; };
		EDE369EA2B090E7F00432BB7 /* modalSong.swift in Sources */ = {isa = PBXBuildFile; fileRef = EDE369E92B090E7F00432BB7 /* modalSong.swift */; };
		EDE369EC2B0BA52B00432BB7 /* songsList.swift in Sources */ = {isa = PBXBuildFile; fileRef = EDE369EB2B0BA52B00432BB7 /* songsList.swift */; };
		EDE369EE2B0BA5B400432BB7 /* songsListModel.swift in Sources */ = {isa = PBXBuildFile; fileRef = EDE369ED2B0BA5B400432BB7 /* songsListModel.swift */; };
/* End PBXBuildFile section */

/* Begin PBXFileReference section */
		ED08DEE12B0617E000EAEE2D /* playlistModel.swift */ = {isa = PBXFileReference; lastKnownFileType = sourcecode.swift; path = playlistModel.swift; sourceTree = "<group>"; };
		ED0FEC592B03CA6400904AA9 /* buttonsTable .swift */ = {isa = PBXFileReference; lastKnownFileType = sourcecode.swift; path = "buttonsTable .swift"; sourceTree = "<group>"; };
		ED17338B2B0E1883008CA74A /* song2.mp3 */ = {isa = PBXFileReference; lastKnownFileType = audio.mp3; path = song2.mp3; sourceTree = "<group>"; };
		ED17338D2B0E188B008CA74A /* song3.mp3 */ = {isa = PBXFileReference; lastKnownFileType = audio.mp3; path = song3.mp3; sourceTree = "<group>"; };
		ED38F8892B0763B1002462ED /* song1.mp3 */ = {isa = PBXFileReference; lastKnownFileType = audio.mp3; path = song1.mp3; sourceTree = "<group>"; };
		ED682E332B0E485500444EE3 /* singerModel.swift */ = {isa = PBXFileReference; lastKnownFileType = sourcecode.swift; path = singerModel.swift; sourceTree = "<group>"; };
		ED682E352B0E491C00444EE3 /* singerList.swift */ = {isa = PBXFileReference; lastKnownFileType = sourcecode.swift; path = singerList.swift; sourceTree = "<group>"; };
		ED682E372B0E4A4900444EE3 /* categoriesModel.swift */ = {isa = PBXFileReference; lastKnownFileType = sourcecode.swift; path = categoriesModel.swift; sourceTree = "<group>"; };
		ED682E392B0E4A6800444EE3 /* categoriesList.swift */ = {isa = PBXFileReference; lastKnownFileType = sourcecode.swift; path = categoriesList.swift; sourceTree = "<group>"; };
		ED682E3B2B0EB74200444EE3 /* SlidingCategories2.swift */ = {isa = PBXFileReference; lastKnownFileType = sourcecode.swift; path = SlidingCategories2.swift; sourceTree = "<group>"; };
		ED8007992B03825000E98579 /* Spotify copy.app */ = {isa = PBXFileReference; explicitFileType = wrapper.application; includeInIndex = 0; path = "Spotify copy.app"; sourceTree = BUILT_PRODUCTS_DIR; };
		ED80079C2B03825000E98579 /* Spotify_copyApp.swift */ = {isa = PBXFileReference; lastKnownFileType = sourcecode.swift; path = Spotify_copyApp.swift; sourceTree = "<group>"; };
		ED80079E2B03825000E98579 /* ContentView.swift */ = {isa = PBXFileReference; lastKnownFileType = sourcecode.swift; path = ContentView.swift; sourceTree = "<group>"; };
		ED8007A02B03825100E98579 /* Assets.xcassets */ = {isa = PBXFileReference; lastKnownFileType = folder.assetcatalog; path = Assets.xcassets; sourceTree = "<group>"; };
		ED8007A32B03825100E98579 /* Preview Assets.xcassets */ = {isa = PBXFileReference; lastKnownFileType = folder.assetcatalog; path = "Preview Assets.xcassets"; sourceTree = "<group>"; };
		ED8007AA2B0384C900E98579 /* topButtons.swift */ = {isa = PBXFileReference; lastKnownFileType = sourcecode.swift; path = topButtons.swift; sourceTree = "<group>"; };
		EDA057D02B04C5AD00081133 /* slidingCategories.swift */ = {isa = PBXFileReference; lastKnownFileType = sourcecode.swift; path = slidingCategories.swift; sourceTree = "<group>"; };
		EDA057D22B04EB4700081133 /* Singers.swift */ = {isa = PBXFileReference; lastKnownFileType = sourcecode.swift; path = Singers.swift; sourceTree = "<group>"; };
		EDA057D62B051EA200081133 /* tabSong.swift */ = {isa = PBXFileReference; lastKnownFileType = sourcecode.swift; path = tabSong.swift; sourceTree = "<group>"; };
		EDA057D82B05348F00081133 /* barMenu.swift */ = {isa = PBXFileReference; lastKnownFileType = sourcecode.swift; path = barMenu.swift; sourceTree = "<group>"; };
		EDA057DA2B05427200081133 /* playlistPage.swift */ = {isa = PBXFileReference; lastKnownFileType = sourcecode.swift; path = playlistPage.swift; sourceTree = "<group>"; };
		EDE369E92B090E7F00432BB7 /* modalSong.swift */ = {isa = PBXFileReference; lastKnownFileType = sourcecode.swift; path = modalSong.swift; sourceTree = "<group>"; };
		EDE369EB2B0BA52B00432BB7 /* songsList.swift */ = {isa = PBXFileReference; lastKnownFileType = sourcecode.swift; path = songsList.swift; sourceTree = "<group>"; };
		EDE369ED2B0BA5B400432BB7 /* songsListModel.swift */ = {isa = PBXFileReference; lastKnownFileType = sourcecode.swift; path = songsListModel.swift; sourceTree = "<group>"; };
/* End PBXFileReference section */

/* Begin PBXFrameworksBuildPhase section */
		ED8007962B03825000E98579 /* Frameworks */ = {
			isa = PBXFrameworksBuildPhase;
			buildActionMask = 2147483647;
			files = (
			);
			runOnlyForDeploymentPostprocessing = 0;
		};
/* End PBXFrameworksBuildPhase section */

/* Begin PBXGroup section */
		ED8007902B03825000E98579 = {
			isa = PBXGroup;
			children = (
				ED80079B2B03825000E98579 /* Spotify copy */,
				ED80079A2B03825000E98579 /* Products */,
			);
			sourceTree = "<group>";
		};
		ED80079A2B03825000E98579 /* Products */ = {
			isa = PBXGroup;
			children = (
				ED8007992B03825000E98579 /* Spotify copy.app */,
			);
			name = Products;
			sourceTree = "<group>";
		};
		ED80079B2B03825000E98579 /* Spotify copy */ = {
			isa = PBXGroup;
			children = (
				ED80079C2B03825000E98579 /* Spotify_copyApp.swift */,
				ED80079E2B03825000E98579 /* ContentView.swift */,
				EDA057D62B051EA200081133 /* tabSong.swift */,
				EDA057D22B04EB4700081133 /* Singers.swift */,
				ED8007AA2B0384C900E98579 /* topButtons.swift */,
				ED0FEC592B03CA6400904AA9 /* buttonsTable .swift */,
				EDA057D02B04C5AD00081133 /* slidingCategories.swift */,
				EDE369E92B090E7F00432BB7 /* modalSong.swift */,
				ED8007A02B03825100E98579 /* Assets.xcassets */,
				ED8007A22B03825100E98579 /* Preview Content */,
				EDA057D82B05348F00081133 /* barMenu.swift */,
				EDA057DA2B05427200081133 /* playlistPage.swift */,
				ED08DEE12B0617E000EAEE2D /* playlistModel.swift */,
				EDE369EB2B0BA52B00432BB7 /* songsList.swift */,
				EDE369ED2B0BA5B400432BB7 /* songsListModel.swift */,
				ED38F8892B0763B1002462ED /* song1.mp3 */,
				ED17338B2B0E1883008CA74A /* song2.mp3 */,
				ED17338D2B0E188B008CA74A /* song3.mp3 */,
				ED682E332B0E485500444EE3 /* singerModel.swift */,
				ED682E352B0E491C00444EE3 /* singerList.swift */,
				ED682E372B0E4A4900444EE3 /* categoriesModel.swift */,
				ED682E392B0E4A6800444EE3 /* categoriesList.swift */,
				ED682E3B2B0EB74200444EE3 /* SlidingCategories2.swift */,
			);
			path = "Spotify copy";
			sourceTree = "<group>";
		};
		ED8007A22B03825100E98579 /* Preview Content */ = {
			isa = PBXGroup;
			children = (
				ED8007A32B03825100E98579 /* Preview Assets.xcassets */,
			);
			path = "Preview Content";
			sourceTree = "<group>";
		};
/* End PBXGroup section */

/* Begin PBXNativeTarget section */
		ED8007982B03825000E98579 /* Spotify copy */ = {
			isa = PBXNativeTarget;
			buildConfigurationList = ED8007A72B03825100E98579 /* Build configuration list for PBXNativeTarget "Spotify copy" */;
			buildPhases = (
				ED8007952B03825000E98579 /* Sources */,
				ED8007962B03825000E98579 /* Frameworks */,
				ED8007972B03825000E98579 /* Resources */,
			);
			buildRules = (
			);
			dependencies = (
			);
			name = "Spotify copy";
			productName = "Spotify copy";
			productReference = ED8007992B03825000E98579 /* Spotify copy.app */;
			productType = "com.apple.product-type.application";
		};
/* End PBXNativeTarget section */

/* Begin PBXProject section */
		ED8007912B03825000E98579 /* Project object */ = {
			isa = PBXProject;
			attributes = {
				BuildIndependentTargetsInParallel = 1;
				LastSwiftUpdateCheck = 1500;
				LastUpgradeCheck = 1500;
				TargetAttributes = {
					ED8007982B03825000E98579 = {
						CreatedOnToolsVersion = 15.0;
					};
				};
			};
			buildConfigurationList = ED8007942B03825000E98579 /* Build configuration list for PBXProject "Spotify copy" */;
			compatibilityVersion = "Xcode 14.0";
			developmentRegion = en;
			hasScannedForEncodings = 0;
			knownRegions = (
				en,
				Base,
			);
			mainGroup = ED8007902B03825000E98579;
			productRefGroup = ED80079A2B03825000E98579 /* Products */;
			projectDirPath = "";
			projectRoot = "";
			targets = (
				ED8007982B03825000E98579 /* Spotify copy */,
			);
		};
/* End PBXProject section */

/* Begin PBXResourcesBuildPhase section */
		ED8007972B03825000E98579 /* Resources */ = {
			isa = PBXResourcesBuildPhase;
			buildActionMask = 2147483647;
			files = (
				ED8007A42B03825100E98579 /* Preview Assets.xcassets in Resources */,
				ED17338C2B0E1883008CA74A /* song2.mp3 in Resources */,
				ED38F88A2B0763B1002462ED /* song1.mp3 in Resources */,
				ED17338E2B0E188B008CA74A /* song3.mp3 in Resources */,
				ED8007A12B03825100E98579 /* Assets.xcassets in Resources */,
			);
			runOnlyForDeploymentPostprocessing = 0;
		};
/* End PBXResourcesBuildPhase section */

/* Begin PBXSourcesBuildPhase section */
		ED8007952B03825000E98579 /* Sources */ = {
			isa = PBXSourcesBuildPhase;
			buildActionMask = 2147483647;
			files = (
				EDE369EC2B0BA52B00432BB7 /* songsList.swift in Sources */,
				EDE369EA2B090E7F00432BB7 /* modalSong.swift in Sources */,
				EDA057D12B04C5AD00081133 /* slidingCategories.swift in Sources */,
				ED682E362B0E491C00444EE3 /* singerList.swift in Sources */,
				EDA057DB2B05427200081133 /* playlistPage.swift in Sources */,
				EDE369EE2B0BA5B400432BB7 /* songsListModel.swift in Sources */,
				ED80079F2B03825000E98579 /* ContentView.swift in Sources */,
				ED682E3C2B0EB74200444EE3 /* SlidingCategories2.swift in Sources */,
				ED682E382B0E4A4900444EE3 /* categoriesModel.swift in Sources */,
				EDA057D92B05348F00081133 /* barMenu.swift in Sources */,
				ED682E342B0E485500444EE3 /* singerModel.swift in Sources */,
				ED0FEC5A2B03CA6400904AA9 /* buttonsTable .swift in Sources */,
				EDA057D32B04EB4700081133 /* Singers.swift in Sources */,
				EDA057D72B051EA200081133 /* tabSong.swift in Sources */,
				ED08DEE22B0617E000EAEE2D /* playlistModel.swift in Sources */,
				ED8007AB2B0384C900E98579 /* topButtons.swift in Sources */,
				ED682E3A2B0E4A6800444EE3 /* categoriesList.swift in Sources */,
				ED80079D2B03825000E98579 /* Spotify_copyApp.swift in Sources */,
			);
			runOnlyForDeploymentPostprocessing = 0;
		};
/* End PBXSourcesBuildPhase section */

/* Begin XCBuildConfiguration section */
		ED8007A52B03825100E98579 /* Debug */ = {
			isa = XCBuildConfiguration;
			buildSettings = {
				ALWAYS_SEARCH_USER_PATHS = NO;
				ASSETCATALOG_COMPILER_GENERATE_SWIFT_ASSET_SYMBOL_EXTENSIONS = YES;
				CLANG_ANALYZER_NONNULL = YES;
				CLANG_ANALYZER_NUMBER_OBJECT_CONVERSION = YES_AGGRESSIVE;
				CLANG_CXX_LANGUAGE_STANDARD = "gnu++20";
				CLANG_ENABLE_MODULES = YES;
				CLANG_ENABLE_OBJC_ARC = YES;
				CLANG_ENABLE_OBJC_WEAK = YES;
				CLANG_WARN_BLOCK_CAPTURE_AUTORELEASING = YES;
				CLANG_WARN_BOOL_CONVERSION = YES;
				CLANG_WARN_COMMA = YES;
				CLANG_WARN_CONSTANT_CONVERSION = YES;
				CLANG_WARN_DEPRECATED_OBJC_IMPLEMENTATIONS = YES;
				CLANG_WARN_DIRECT_OBJC_ISA_USAGE = YES_ERROR;
				CLANG_WARN_DOCUMENTATION_COMMENTS = YES;
				CLANG_WARN_EMPTY_BODY = YES;
				CLANG_WARN_ENUM_CONVERSION = YES;
				CLANG_WARN_INFINITE_RECURSION = YES;
				CLANG_WARN_INT_CONVERSION = YES;
				CLANG_WARN_NON_LITERAL_NULL_CONVERSION = YES;
				CLANG_WARN_OBJC_IMPLICIT_RETAIN_SELF = YES;
				CLANG_WARN_OBJC_LITERAL_CONVERSION = YES;
				CLANG_WARN_OBJC_ROOT_CLASS = YES_ERROR;
				CLANG_WARN_QUOTED_INCLUDE_IN_FRAMEWORK_HEADER = YES;
				CLANG_WARN_RANGE_LOOP_ANALYSIS = YES;
				CLANG_WARN_STRICT_PROTOTYPES = YES;
				CLANG_WARN_SUSPICIOUS_MOVE = YES;
				CLANG_WARN_UNGUARDED_AVAILABILITY = YES_AGGRESSIVE;
				CLANG_WARN_UNREACHABLE_CODE = YES;
				CLANG_WARN__DUPLICATE_METHOD_MATCH = YES;
				COPY_PHASE_STRIP = NO;
				DEBUG_INFORMATION_FORMAT = dwarf;
				ENABLE_STRICT_OBJC_MSGSEND = YES;
				ENABLE_TESTABILITY = YES;
				ENABLE_USER_SCRIPT_SANDBOXING = YES;
				GCC_C_LANGUAGE_STANDARD = gnu17;
				GCC_DYNAMIC_NO_PIC = NO;
				GCC_NO_COMMON_BLOCKS = YES;
				GCC_OPTIMIZATION_LEVEL = 0;
				GCC_PREPROCESSOR_DEFINITIONS = (
					"DEBUG=1",
					"$(inherited)",
				);
				GCC_WARN_64_TO_32_BIT_CONVERSION = YES;
				GCC_WARN_ABOUT_RETURN_TYPE = YES_ERROR;
				GCC_WARN_UNDECLARED_SELECTOR = YES;
				GCC_WARN_UNINITIALIZED_AUTOS = YES_AGGRESSIVE;
				GCC_WARN_UNUSED_FUNCTION = YES;
				GCC_WARN_UNUSED_VARIABLE = YES;
				IPHONEOS_DEPLOYMENT_TARGET = 17.0;
				LOCALIZATION_PREFERS_STRING_CATALOGS = YES;
				MTL_ENABLE_DEBUG_INFO = INCLUDE_SOURCE;
				MTL_FAST_MATH = YES;
				ONLY_ACTIVE_ARCH = YES;
				SDKROOT = iphoneos;
				SWIFT_ACTIVE_COMPILATION_CONDITIONS = "DEBUG $(inherited)";
				SWIFT_OPTIMIZATION_LEVEL = "-Onone";
			};
			name = Debug;
		};
		ED8007A62B03825100E98579 /* Release */ = {
			isa = XCBuildConfiguration;
			buildSettings = {
				ALWAYS_SEARCH_USER_PATHS = NO;
				ASSETCATALOG_COMPILER_GENERATE_SWIFT_ASSET_SYMBOL_EXTENSIONS = YES;
				CLANG_ANALYZER_NONNULL = YES;
				CLANG_ANALYZER_NUMBER_OBJECT_CONVERSION = YES_AGGRESSIVE;
				CLANG_CXX_LANGUAGE_STANDARD = "gnu++20";
				CLANG_ENABLE_MODULES = YES;
				CLANG_ENABLE_OBJC_ARC = YES;
				CLANG_ENABLE_OBJC_WEAK = YES;
				CLANG_WARN_BLOCK_CAPTURE_AUTORELEASING = YES;
				CLANG_WARN_BOOL_CONVERSION = YES;
				CLANG_WARN_COMMA = YES;
				CLANG_WARN_CONSTANT_CONVERSION = YES;
				CLANG_WARN_DEPRECATED_OBJC_IMPLEMENTATIONS = YES;
				CLANG_WARN_DIRECT_OBJC_ISA_USAGE = YES_ERROR;
				CLANG_WARN_DOCUMENTATION_COMMENTS = YES;
				CLANG_WARN_EMPTY_BODY = YES;
				CLANG_WARN_ENUM_CONVERSION = YES;
				CLANG_WARN_INFINITE_RECURSION = YES;
				CLANG_WARN_INT_CONVERSION = YES;
				CLANG_WARN_NON_LITERAL_NULL_CONVERSION = YES;
				CLANG_WARN_OBJC_IMPLICIT_RETAIN_SELF = YES;
				CLANG_WARN_OBJC_LITERAL_CONVERSION = YES;
				CLANG_WARN_OBJC_ROOT_CLASS = YES_ERROR;
				CLANG_WARN_QUOTED_INCLUDE_IN_FRAMEWORK_HEADER = YES;
				CLANG_WARN_RANGE_LOOP_ANALYSIS = YES;
				CLANG_WARN_STRICT_PROTOTYPES = YES;
				CLANG_WARN_SUSPICIOUS_MOVE = YES;
				CLANG_WARN_UNGUARDED_AVAILABILITY = YES_AGGRESSIVE;
				CLANG_WARN_UNREACHABLE_CODE = YES;
				CLANG_WARN__DUPLICATE_METHOD_MATCH = YES;
				COPY_PHASE_STRIP = NO;
				DEBUG_INFORMATION_FORMAT = "dwarf-with-dsym";
				ENABLE_NS_ASSERTIONS = NO;
				ENABLE_STRICT_OBJC_MSGSEND = YES;
				ENABLE_USER_SCRIPT_SANDBOXING = YES;
				GCC_C_LANGUAGE_STANDARD = gnu17;
				GCC_NO_COMMON_BLOCKS = YES;
				GCC_WARN_64_TO_32_BIT_CONVERSION = YES;
				GCC_WARN_ABOUT_RETURN_TYPE = YES_ERROR;
				GCC_WARN_UNDECLARED_SELECTOR = YES;
				GCC_WARN_UNINITIALIZED_AUTOS = YES_AGGRESSIVE;
				GCC_WARN_UNUSED_FUNCTION = YES;
				GCC_WARN_UNUSED_VARIABLE = YES;
				IPHONEOS_DEPLOYMENT_TARGET = 17.0;
				LOCALIZATION_PREFERS_STRING_CATALOGS = YES;
				MTL_ENABLE_DEBUG_INFO = NO;
				MTL_FAST_MATH = YES;
				SDKROOT = iphoneos;
				SWIFT_COMPILATION_MODE = wholemodule;
				VALIDATE_PRODUCT = YES;
			};
			name = Release;
		};
		ED8007A82B03825100E98579 /* Debug */ = {
			isa = XCBuildConfiguration;
			buildSettings = {
				ASSETCATALOG_COMPILER_APPICON_NAME = AppIcon;
				ASSETCATALOG_COMPILER_GLOBAL_ACCENT_COLOR_NAME = AccentColor;
				CODE_SIGN_STYLE = Automatic;
				CURRENT_PROJECT_VERSION = 1;
				DEVELOPMENT_ASSET_PATHS = "\"Spotify copy/Preview Content\"";
				DEVELOPMENT_TEAM = LHM9LNP2C8;
				ENABLE_PREVIEWS = YES;
				GENERATE_INFOPLIST_FILE = YES;
				INFOPLIST_KEY_UIApplicationSceneManifest_Generation = YES;
				INFOPLIST_KEY_UIApplicationSupportsIndirectInputEvents = YES;
				INFOPLIST_KEY_UILaunchScreen_Generation = YES;
				INFOPLIST_KEY_UISupportedInterfaceOrientations_iPad = "UIInterfaceOrientationPortrait UIInterfaceOrientationPortraitUpsideDown UIInterfaceOrientationLandscapeLeft UIInterfaceOrientationLandscapeRight";
				INFOPLIST_KEY_UISupportedInterfaceOrientations_iPhone = "UIInterfaceOrientationPortrait UIInterfaceOrientationLandscapeLeft UIInterfaceOrientationLandscapeRight";
				LD_RUNPATH_SEARCH_PATHS = (
					"$(inherited)",
					"@executable_path/Frameworks",
				);
				MARKETING_VERSION = 1.0;
				PRODUCT_BUNDLE_IDENTIFIER = "developer.academy.Spotify-copy";
				PRODUCT_NAME = "$(TARGET_NAME)";
				SWIFT_EMIT_LOC_STRINGS = YES;
				SWIFT_VERSION = 5.0;
				TARGETED_DEVICE_FAMILY = "1,2";
			};
			name = Debug;
		};
		ED8007A92B03825100E98579 /* Release */ = {
			isa = XCBuildConfiguration;
			buildSettings = {
				ASSETCATALOG_COMPILER_APPICON_NAME = AppIcon;
				ASSETCATALOG_COMPILER_GLOBAL_ACCENT_COLOR_NAME = AccentColor;
				CODE_SIGN_STYLE = Automatic;
				CURRENT_PROJECT_VERSION = 1;
				DEVELOPMENT_ASSET_PATHS = "\"Spotify copy/Preview Content\"";
				DEVELOPMENT_TEAM = LHM9LNP2C8;
				ENABLE_PREVIEWS = YES;
				GENERATE_INFOPLIST_FILE = YES;
				INFOPLIST_KEY_UIApplicationSceneManifest_Generation = YES;
				INFOPLIST_KEY_UIApplicationSupportsIndirectInputEvents = YES;
				INFOPLIST_KEY_UILaunchScreen_Generation = YES;
				INFOPLIST_KEY_UISupportedInterfaceOrientations_iPad = "UIInterfaceOrientationPortrait UIInterfaceOrientationPortraitUpsideDown UIInterfaceOrientationLandscapeLeft UIInterfaceOrientationLandscapeRight";
				INFOPLIST_KEY_UISupportedInterfaceOrientations_iPhone = "UIInterfaceOrientationPortrait UIInterfaceOrientationLandscapeLeft UIInterfaceOrientationLandscapeRight";
				LD_RUNPATH_SEARCH_PATHS = (
					"$(inherited)",
					"@executable_path/Frameworks",
				);
				MARKETING_VERSION = 1.0;
				PRODUCT_BUNDLE_IDENTIFIER = "developer.academy.Spotify-copy";
				PRODUCT_NAME = "$(TARGET_NAME)";
				SWIFT_EMIT_LOC_STRINGS = YES;
				SWIFT_VERSION = 5.0;
				TARGETED_DEVICE_FAMILY = "1,2";
			};
			name = Release;
		};
/* End XCBuildConfiguration section */

/* Begin XCConfigurationList section */
		ED8007942B03825000E98579 /* Build configuration list for PBXProject "Spotify copy" */ = {
			isa = XCConfigurationList;
			buildConfigurations = (
				ED8007A52B03825100E98579 /* Debug */,
				ED8007A62B03825100E98579 /* Release */,
			);
			defaultConfigurationIsVisible = 0;
			defaultConfigurationName = Release;
		};
		ED8007A72B03825100E98579 /* Build configuration list for PBXNativeTarget "Spotify copy" */ = {
			isa = XCConfigurationList;
			buildConfigurations = (
				ED8007A82B03825100E98579 /* Debug */,
				ED8007A92B03825100E98579 /* Release */,
			);
			defaultConfigurationIsVisible = 0;
			defaultConfigurationName = Release;
		};
/* End XCConfigurationList section */
	};
	rootObject = ED8007912B03825000E98579 /* Project object */;
}
